
Microsoft Visual Studio Solution File, Format Version 12.00
# Visual Studio Version 16
VisualStudioVersion = 16.0.31702.278
MinimumVisualStudioVersion = 10.0.40219.1
Project("{FAE04EC0-301F-11D3-BF4B-00C04F79EFBC}") = "Ex_3_1", "Ex_3_1\Ex_3_1.csproj", "{DC476AC2-4EDB-47FF-9CE8-A29586724ECA}"
EndProject
Project("{FAE04EC0-301F-11D3-BF4B-00C04F79EFBC}") = "Ex_3_2", "Ex_3_2\Ex_3_2.csproj", "{9CC0129F-3BF7-4B9E-8675-7D61B29B39AA}"
EndProject
Project("{FAE04EC0-301F-11D3-BF4B-00C04F79EFBC}") = "Ex_3_3", "Ex_3_3\Ex_3_3.csproj", "{20C45FB2-23EA-4121-B2D8-DEE227C416F0}"
EndProject
Project("{FAE04EC0-301F-11D3-BF4B-00C04F79EFBC}") = "Ex_3_4", "Ex_3_4\Ex_3_4.csproj", "{B72398B9-2183-4487-8200-3144060F2FFD}"
EndProject
Project("{FAE04EC0-301F-11D3-BF4B-00C04F79EFBC}") = "Ex_3_5", "Ex_3_5\Ex_3_5.csproj", "{87B252A1-3B74-47D8-A934-73B1EE65F8BB}"
EndProject
Project("{FAE04EC0-301F-11D3-BF4B-00C04F79EFBC}") = "Ex_3_6", "Ex_3_6\Ex_3_6.csproj", "{8C0073D8-D2A5-4F23-A83C-FB3FD6B11273}"
EndProject
Project("{FAE04EC0-301F-11D3-BF4B-00C04F79EFBC}") = "Ex_3_7", "Ex_3_7\Ex_3_7.csproj", "{24A0E2EF-19EA-4389-AA1D-54CDA3923EFF}"
EndProject
Project("{FAE04EC0-301F-11D3-BF4B-00C04F79EFBC}") = "Ex_3_8", "Ex_3_8\Ex_3_8.csproj", "{51BEE91A-B0A3-4ADA-88EF-A788F442B42F}"
EndProject
Project("{FAE04EC0-301F-11D3-BF4B-00C04F79EFBC}") = "Ex_3_9", "Ex_3_9\Ex_3_9.csproj", "{140DF91A-E6E7-48FB-A428-58BA3EE582C4}"
EndProject
Project("{FAE04EC0-301F-11D3-BF4B-00C04F79EFBC}") = "Ex_3_10", "Ex_3_10\Ex_3_10.csproj", "{023DF3F1-C431-464C-B4CD-FF102586B51C}"
EndProject
Project("{FAE04EC0-301F-11D3-BF4B-00C04F79EFBC}") = "Ex_3_11", "Ex_3_11\Ex_3_11.csproj", "{3C4B6A0D-AAFA-42CB-B89A-D10E45719F06}"
EndProject
Project("{FAE04EC0-301F-11D3-BF4B-00C04F79EFBC}") = "Ex_3_12", "Ex_3_12\Ex_3_12.csproj", "{9C46B5DA-2EF9-42D8-98AA-A5CA4B5E2751}"
EndProject
Global
	GlobalSection(SolutionConfigurationPlatforms) = preSolution
		Debug|Any CPU = Debug|Any CPU
		Release|Any CPU = Release|Any CPU
	EndGlobalSection
	GlobalSection(ProjectConfigurationPlatforms) = postSolution
		{DC476AC2-4EDB-47FF-9CE8-A29586724ECA}.Debug|Any CPU.ActiveCfg = Debug|Any CPU
		{DC476AC2-4EDB-47FF-9CE8-A29586724ECA}.Debug|Any CPU.Build.0 = Debug|Any CPU
		{DC476AC2-4EDB-47FF-9CE8-A29586724ECA}.Release|Any CPU.ActiveCfg = Release|Any CPU
		{DC476AC2-4EDB-47FF-9CE8-A29586724ECA}.Release|Any CPU.Build.0 = Release|Any CPU
		{9CC0129F-3BF7-4B9E-8675-7D61B29B39AA}.Debug|Any CPU.ActiveCfg = Debug|Any CPU
		{9CC0129F-3BF7-4B9E-8675-7D61B29B39AA}.Debug|Any CPU.Build.0 = Debug|Any CPU
		{9CC0129F-3BF7-4B9E-8675-7D61B29B39AA}.Release|Any CPU.ActiveCfg = Release|Any CPU
		{9CC0129F-3BF7-4B9E-8675-7D61B29B39AA}.Release|Any CPU.Build.0 = Release|Any CPU
		{20C45FB2-23EA-4121-B2D8-DEE227C416F0}.Debug|Any CPU.ActiveCfg = Debug|Any CPU
		{20C45FB2-23EA-4121-B2D8-DEE227C416F0}.Debug|Any CPU.Build.0 = Debug|Any CPU
		{20C45FB2-23EA-4121-B2D8-DEE227C416F0}.Release|Any CPU.ActiveCfg = Release|Any CPU
		{20C45FB2-23EA-4121-B2D8-DEE227C416F0}.Release|Any CPU.Build.0 = Release|Any CPU
		{B72398B9-2183-4487-8200-3144060F2FFD}.Debug|Any CPU.ActiveCfg = Debug|Any CPU
		{B72398B9-2183-4487-8200-3144060F2FFD}.Debug|Any CPU.Build.0 = Debug|Any CPU
		{B72398B9-2183-4487-8200-3144060F2FFD}.Release|Any CPU.ActiveCfg = Release|Any CPU
		{B72398B9-2183-4487-8200-3144060F2FFD}.Release|Any CPU.Build.0 = Release|Any CPU
		{87B252A1-3B74-47D8-A934-73B1EE65F8BB}.Debug|Any CPU.ActiveCfg = Debug|Any CPU
		{87B252A1-3B74-47D8-A934-73B1EE65F8BB}.Debug|Any CPU.Build.0 = Debug|Any CPU
		{87B252A1-3B74-47D8-A934-73B1EE65F8BB}.Release|Any CPU.ActiveCfg = Release|Any CPU
		{87B252A1-3B74-47D8-A934-73B1EE65F8BB}.Release|Any CPU.Build.0 = Release|Any CPU
		{8C0073D8-D2A5-4F23-A83C-FB3FD6B11273}.Debug|Any CPU.ActiveCfg = Debug|Any CPU
		{8C0073D8-D2A5-4F23-A83C-FB3FD6B11273}.Debug|Any CPU.Build.0 = Debug|Any CPU
		{8C0073D8-D2A5-4F23-A83C-FB3FD6B11273}.Release|Any CPU.ActiveCfg = Release|Any CPU
		{8C0073D8-D2A5-4F23-A83C-FB3FD6B11273}.Release|Any CPU.Build.0 = Release|Any CPU
		{24A0E2EF-19EA-4389-AA1D-54CDA3923EFF}.Debug|Any CPU.ActiveCfg = Debug|Any CPU
		{24A0E2EF-19EA-4389-AA1D-54CDA3923EFF}.Debug|Any CPU.Build.0 = Debug|Any CPU
		{24A0E2EF-19EA-4389-AA1D-54CDA3923EFF}.Release|Any CPU.ActiveCfg = Release|Any CPU
		{24A0E2EF-19EA-4389-AA1D-54CDA3923EFF}.Release|Any CPU.Build.0 = Release|Any CPU
		{51BEE91A-B0A3-4ADA-88EF-A788F442B42F}.Debug|Any CPU.ActiveCfg = Debug|Any CPU
		{51BEE91A-B0A3-4ADA-88EF-A788F442B42F}.Debug|Any CPU.Build.0 = Debug|Any CPU
		{51BEE91A-B0A3-4ADA-88EF-A788F442B42F}.Release|Any CPU.ActiveCfg = Release|Any CPU
		{51BEE91A-B0A3-4ADA-88EF-A788F442B42F}.Release|Any CPU.Build.0 = Release|Any CPU
		{140DF91A-E6E7-48FB-A428-58BA3EE582C4}.Debug|Any CPU.ActiveCfg = Debug|Any CPU
		{140DF91A-E6E7-48FB-A428-58BA3EE582C4}.Debug|Any CPU.Build.0 = Debug|Any CPU
		{140DF91A-E6E7-48FB-A428-58BA3EE582C4}.Release|Any CPU.ActiveCfg = Release|Any CPU
		{140DF91A-E6E7-48FB-A428-58BA3EE582C4}.Release|Any CPU.Build.0 = Release|Any CPU
		{023DF3F1-C431-464C-B4CD-FF102586B51C}.Debug|Any CPU.ActiveCfg = Debug|Any CPU
		{023DF3F1-C431-464C-B4CD-FF102586B51C}.Debug|Any CPU.Build.0 = Debug|Any CPU
		{023DF3F1-C431-464C-B4CD-FF102586B51C}.Release|Any CPU.ActiveCfg = Release|Any CPU
		{023DF3F1-C431-464C-B4CD-FF102586B51C}.Release|Any CPU.Build.0 = Release|Any CPU
		{3C4B6A0D-AAFA-42CB-B89A-D10E45719F06}.Debug|Any CPU.ActiveCfg = Debug|Any CPU
		{3C4B6A0D-AAFA-42CB-B89A-D10E45719F06}.Debug|Any CPU.Build.0 = Debug|Any CPU
		{3C4B6A0D-AAFA-42CB-B89A-D10E45719F06}.Release|Any CPU.ActiveCfg = Release|Any CPU
		{3C4B6A0D-AAFA-42CB-B89A-D10E45719F06}.Release|Any CPU.Build.0 = Release|Any CPU
		{9C46B5DA-2EF9-42D8-98AA-A5CA4B5E2751}.Debug|Any CPU.ActiveCfg = Debug|Any CPU
		{9C46B5DA-2EF9-42D8-98AA-A5CA4B5E2751}.Debug|Any CPU.Build.0 = Debug|Any CPU
		{9C46B5DA-2EF9-42D8-98AA-A5CA4B5E2751}.Release|Any CPU.ActiveCfg = Release|Any CPU
		{9C46B5DA-2EF9-42D8-98AA-A5CA4B5E2751}.Release|Any CPU.Build.0 = Release|Any CPU
	EndGlobalSection
	GlobalSection(SolutionProperties) = preSolution
		HideSolutionNode = FALSE
	EndGlobalSection
	GlobalSection(ExtensibilityGlobals) = postSolution
		SolutionGuid = {FCD85236-7E01-4010-9854-A7D2AC6DCD07}
	EndGlobalSection
EndGlobal
